
Microsoft Visual Studio Solution File, Format Version 12.00
# Visual Studio Version 16
VisualStudioVersion = 16.0.31702.278
MinimumVisualStudioVersion = 10.0.40219.1
Project("{FAE04EC0-301F-11D3-BF4B-00C04F79EFBC}") = "Cadastro de Clientes", "Cadastro de Clientes\Cadastro de Clientes.csproj", "{A471DA01-4D9E-4BA0-8C3A-E33AB97D4CA5}"
EndProject
Global
	GlobalSection(SolutionConfigurationPlatforms) = preSolution
		Debug|Any CPU = Debug|Any CPU
		Release|Any CPU = Release|Any CPU
	EndGlobalSection
	GlobalSection(ProjectConfigurationPlatforms) = postSolution
		{A471DA01-4D9E-4BA0-8C3A-E33AB97D4CA5}.Debug|Any CPU.ActiveCfg = Debug|Any CPU
		{A471DA01-4D9E-4BA0-8C3A-E33AB97D4CA5}.Debug|Any CPU.Build.0 = Debug|Any CPU
		{A471DA01-4D9E-4BA0-8C3A-E33AB97D4CA5}.Release|Any CPU.ActiveCfg = Release|Any CPU
		{A471DA01-4D9E-4BA0-8C3A-E33AB97D4CA5}.Release|Any CPU.Build.0 = Release|Any CPU
	EndGlobalSection
	GlobalSection(SolutionProperties) = preSolution
		HideSolutionNode = FALSE
	EndGlobalSection
	GlobalSection(ExtensibilityGlobals) = postSolution
		SolutionGuid = {A565B28F-E978-4E8D-BE47-A52974823360}
	EndGlobalSection
EndGlobal
